
Microsoft Visual Studio Solution File, Format Version 11.00
# Visual Studio 2010
Project("{FAE04EC0-301F-11D3-BF4B-00C04F79EFBC}") = "Wawasan Kebangsaan", "Assembly-CSharp.csproj", "{EB21969E-CEEF-5FC3-A6C0-2791E06384F5}"
EndProject
Project("{FAE04EC0-301F-11D3-BF4B-00C04F79EFBC}") = "Wawasan Kebangsaan", "Assembly-CSharp-Editor.csproj", "{FEA762C3-6BA1-882E-5247-8AC0EE297E6B}"
EndProject
Global
	GlobalSection(SolutionConfigurationPlatforms) = preSolution
		Debug|Any CPU = Debug|Any CPU
		Release|Any CPU = Release|Any CPU
	EndGlobalSection
	GlobalSection(ProjectConfigurationPlatforms) = postSolution
		{EB21969E-CEEF-5FC3-A6C0-2791E06384F5}.Debug|Any CPU.ActiveCfg = Debug|Any CPU
		{EB21969E-CEEF-5FC3-A6C0-2791E06384F5}.Debug|Any CPU.Build.0 = Debug|Any CPU
		{EB21969E-CEEF-5FC3-A6C0-2791E06384F5}.Release|Any CPU.ActiveCfg = Release|Any CPU
		{EB21969E-CEEF-5FC3-A6C0-2791E06384F5}.Release|Any CPU.Build.0 = Release|Any CPU
		{FEA762C3-6BA1-882E-5247-8AC0EE297E6B}.Debug|Any CPU.ActiveCfg = Debug|Any CPU
		{FEA762C3-6BA1-882E-5247-8AC0EE297E6B}.Debug|Any CPU.Build.0 = Debug|Any CPU
		{FEA762C3-6BA1-882E-5247-8AC0EE297E6B}.Release|Any CPU.ActiveCfg = Release|Any CPU
		{FEA762C3-6BA1-882E-5247-8AC0EE297E6B}.Release|Any CPU.Build.0 = Release|Any CPU
	EndGlobalSection
	GlobalSection(SolutionProperties) = preSolution
		HideSolutionNode = FALSE
	EndGlobalSection
	GlobalSection(MonoDevelopProperties) = preSolution
		StartupItem = Assembly-CSharp.csproj
	EndGlobalSection
EndGlobal
